github.com/qiv1ne/log v0.0.0-20250126154445-fce425ac4ea3 h1:i770PVl84MplWiLot0K2h9fq6RBnLPwiZIGOjwDfMn8=
github.com/qiv1ne/log v0.0.0-20250126154445-fce425ac4ea3/go.mod h1:wv+qlOp97VT+AkdLRor6S2WqBPzaS0g9k5ITSTVoagQ=
github.com/qiv1ne/log v0.0.0-20250126162742-d628fb843829 h1:Fe1itm1P0+aB7g2eMfdKer7lodJLIigZx0bObdQP4dA=
github.com/qiv1ne/log v0.0.0-20250126162742-d628fb843829/go.mod h1:wv+qlOp97VT+AkdLRor6S2WqBPzaS0g9k5ITSTVoagQ=
